Microsoft Visual Studio Solution File, Format Version 12.00
# Visual Studio Version 17
VisualStudioVersion = 17.12.35514.174 d17.12
MinimumVisualStudioVersion = 10.0.40219.1
Project("{FAE04EC0-301F-11D3-BF4B-00C04F79EFBC}") = "Wow24_Aspire.AppHost", "Wow24_Aspire.AppHost\Wow24_Aspire.AppHost.csproj", "{F93EB162-B2EB-4DE6-BF57-8CA17A198962}"
EndProject
Project("{FAE04EC0-301F-11D3-BF4B-00C04F79EFBC}") = "Wow24_Aspire.ServiceDefaults", "Wow24_Aspire.ServiceDefaults\Wow24_Aspire.ServiceDefaults.csproj", "{6003697B-40D1-49B5-9B9D-C587AB48CCC9}"
EndProject
Project("{FAE04EC0-301F-11D3-BF4B-00C04F79EFBC}") = "Wow24_Aspire.Web", "Wow24_Aspire.Web\Wow24_Aspire.Web.csproj", "{3A17EA1A-8179-4135-B8B0-F5D187339244}"
EndProject
Project("{FAE04EC0-301F-11D3-BF4B-00C04F79EFBC}") = "Wow24_Aspire.Tests", "Wow24_Aspire.Tests\Wow24_Aspire.Tests.csproj", "{BE141FD5-66BD-4396-9FD8-34EB26B2ABB1}"
EndProject
Project("{FAE04EC0-301F-11D3-BF4B-00C04F79EFBC}") = "CRM.ApiService", "CRM.ApiService\CRM.ApiService.csproj", "{D42A39DB-3928-47C2-B20C-0103B9FF448E}"
EndProject
Project("{FAE04EC0-301F-11D3-BF4B-00C04F79EFBC}") = "CXnone.ApiService", "CXnone.ApiService\CXnone.ApiService.csproj", "{A0F34E3D-AC3D-4C80-9354-9468AEAAF3F1}"
EndProject
Project("{FAE04EC0-301F-11D3-BF4B-00C04F79EFBC}") = "Client", "Client.Console\Client.csproj", "{078313F0-A429-4557-B361-1345D91FCE6F}"
EndProject
Global
	GlobalSection(SolutionConfigurationPlatforms) = preSolution
		Debug|Any CPU = Debug|Any CPU
		Release|Any CPU = Release|Any CPU
	EndGlobalSection
	GlobalSection(ProjectConfigurationPlatforms) = postSolution
		{F93EB162-B2EB-4DE6-BF57-8CA17A198962}.Debug|Any CPU.ActiveCfg = Debug|Any CPU
		{F93EB162-B2EB-4DE6-BF57-8CA17A198962}.Debug|Any CPU.Build.0 = Debug|Any CPU
		{F93EB162-B2EB-4DE6-BF57-8CA17A198962}.Release|Any CPU.ActiveCfg = Release|Any CPU
		{F93EB162-B2EB-4DE6-BF57-8CA17A198962}.Release|Any CPU.Build.0 = Release|Any CPU
		{6003697B-40D1-49B5-9B9D-C587AB48CCC9}.Debug|Any CPU.ActiveCfg = Debug|Any CPU
		{6003697B-40D1-49B5-9B9D-C587AB48CCC9}.Debug|Any CPU.Build.0 = Debug|Any CPU
		{6003697B-40D1-49B5-9B9D-C587AB48CCC9}.Release|Any CPU.ActiveCfg = Release|Any CPU
		{6003697B-40D1-49B5-9B9D-C587AB48CCC9}.Release|Any CPU.Build.0 = Release|Any CPU
		{3A17EA1A-8179-4135-B8B0-F5D187339244}.Debug|Any CPU.ActiveCfg = Debug|Any CPU
		{3A17EA1A-8179-4135-B8B0-F5D187339244}.Debug|Any CPU.Build.0 = Debug|Any CPU
		{3A17EA1A-8179-4135-B8B0-F5D187339244}.Release|Any CPU.ActiveCfg = Release|Any CPU
		{3A17EA1A-8179-4135-B8B0-F5D187339244}.Release|Any CPU.Build.0 = Release|Any CPU
		{BE141FD5-66BD-4396-9FD8-34EB26B2ABB1}.Debug|Any CPU.ActiveCfg = Debug|Any CPU
		{BE141FD5-66BD-4396-9FD8-34EB26B2ABB1}.Debug|Any CPU.Build.0 = Debug|Any CPU
		{BE141FD5-66BD-4396-9FD8-34EB26B2ABB1}.Release|Any CPU.ActiveCfg = Release|Any CPU
		{BE141FD5-66BD-4396-9FD8-34EB26B2ABB1}.Release|Any CPU.Build.0 = Release|Any CPU
		{D42A39DB-3928-47C2-B20C-0103B9FF448E}.Debug|Any CPU.ActiveCfg = Debug|Any CPU
		{D42A39DB-3928-47C2-B20C-0103B9FF448E}.Debug|Any CPU.Build.0 = Debug|Any CPU
		{D42A39DB-3928-47C2-B20C-0103B9FF448E}.Release|Any CPU.ActiveCfg = Release|Any CPU
		{D42A39DB-3928-47C2-B20C-0103B9FF448E}.Release|Any CPU.Build.0 = Release|Any CPU
		{A0F34E3D-AC3D-4C80-9354-9468AEAAF3F1}.Debug|Any CPU.ActiveCfg = Debug|Any CPU
		{A0F34E3D-AC3D-4C80-9354-9468AEAAF3F1}.Debug|Any CPU.Build.0 = Debug|Any CPU
		{A0F34E3D-AC3D-4C80-9354-9468AEAAF3F1}.Release|Any CPU.ActiveCfg = Release|Any CPU
		{A0F34E3D-AC3D-4C80-9354-9468AEAAF3F1}.Release|Any CPU.Build.0 = Release|Any CPU
		{078313F0-A429-4557-B361-1345D91FCE6F}.Debug|Any CPU.ActiveCfg = Debug|Any CPU
		{078313F0-A429-4557-B361-1345D91FCE6F}.Debug|Any CPU.Build.0 = Debug|Any CPU
		{078313F0-A429-4557-B361-1345D91FCE6F}.Release|Any CPU.ActiveCfg = Release|Any CPU
		{078313F0-A429-4557-B361-1345D91FCE6F}.Release|Any CPU.Build.0 = Release|Any CPU
	EndGlobalSection
	GlobalSection(SolutionProperties) = preSolution
		HideSolutionNode = FALSE
	EndGlobalSection
EndGlobal
